{
    "_readme": [
        "This file locks the dependencies of your project to a known state",
        "Read more about it at https://getcomposer.org/doc/01-basic-usage.md#composer-lock-the-lock-file",
        "This file is @generated automatically"
    ],
    "hash": "0f26a70de6b12899da953f750707172f",
    "content-hash": "7c51843d99b48c371d8552aae0edb9b8",
    "packages": [
        {
            "name": "pclzip/pclzip",
            "version": "2.8.2",
            "source": {
                "type": "git",
                "url": "https://github.com/ivanlanin/pclzip.git",
                "reference": "19dd1de9d3f5fc4d7d70175b4c344dee329f45fd"
            },
            "dist": {
                "type": "zip",
                "url": "https://api.github.com/repos/ivanlanin/pclzip/zipball/19dd1de9d3f5fc4d7d70175b4c344dee329f45fd",
                "reference": "19dd1de9d3f5fc4d7d70175b4c344dee329f45fd",
                "shasum": ""
            },
            "type": "library",
            "autoload": {
                "classmap": [
                    "pclzip.lib.php"
                ]
            },
            "notification-url": "https://packagist.org/downloads/",
            "license": [
                "LGPL-2.1"
            ],
            "authors": [
                {
                    "name": "Vincent Blavet"
                }
            ],
            "description": "A PHP library that offers compression and extraction functions for Zip formatted archives",
            "homepage": "http://www.phpconcept.net/pclzip",
            "keywords": [
                "php",
                "zip"
            ],
            "time": "2014-06-05 11:42:24"
        },
        {
            "name": "phpoffice/phpexcel",
            "version": "1.8.0",
            "source": {
                "type": "git",
                "url": "https://github.com/PHPOffice/PHPExcel.git",
                "reference": "e69a5e4d0ffa7fb6f171859e0a04346e580df30b"
            },
            "dist": {
                "type": "zip",
                "url": "http://packagist.phpcomposer.com/files/PHPOffice/PHPExcel/e69a5e4d0ffa7fb6f171859e0a04346e580df30b.zip",
                "reference": "e69a5e4d0ffa7fb6f171859e0a04346e580df30b",
                "shasum": ""
            },
            "require": {
                "ext-xml": "*",
                "ext-xmlwriter": "*",
                "php": ">=5.2.0"
            },
            "type": "library",
            "autoload": {
                "psr-0": {
                    "PHPExcel": "Classes/"
                }
            },
            "notification-url": "https://packagist.org/downloads/",
            "license": [
                "LGPL"
            ],
            "authors": [
                {
                    "name": "Maarten Balliauw",
                    "homepage": "http://blog.maartenballiauw.be"
                },
                {
                    "name": "Mark Baker"
                },
                {
                    "name": "Franck Lefevre",
                    "homepage": "http://blog.rootslabs.net"
                },
                {
                    "name": "Erik Tilt"
                }
            ],
            "description": "PHPExcel - OpenXML - Read, Create and Write Spreadsheet documents in PHP - Spreadsheet engine",
            "homepage": "http://phpexcel.codeplex.com",
            "keywords": [
                "OpenXML",
                "excel",
                "php",
                "spreadsheet",
                "xls",
                "xlsx"
            ],
            "time": "2014-03-02 15:22:49"
        }
    ],
    "packages-dev": [
        {
            "name": "masterexploder/phpthumb",
            "version": "2.1",
            "source": {
                "type": "git",
                "url": "https://github.com/masterexploder/PHPThumb.git",
                "reference": "01f6aa65aa3d136e175f67da2b4ea3e316770d02"
            },
            "dist": {
                "type": "zip",
                "url": "http://packagist.phpcomposer.com/files/masterexploder/PHPThumb/01f6aa65aa3d136e175f67da2b4ea3e316770d02.zip",
                "reference": "01f6aa65aa3d136e175f67da2b4ea3e316770d02",
                "shasum": ""
            },
            "require": {
                "php": ">=5.3.0"
            },
            "type": "library",
            "autoload": {
                "psr-0": {
                    "PHPThumb": "src",
                    "PHPThumb\\Tests": "tests"
                }
            },
            "notification-url": "https://packagist.orghttps://packagist.orghttps://packagist.orghttps://packagist.orghttps://packagist.orghttps://packagist.orghttps://packagist.orghttps://packagist.orghttps://packagist.orghttps://packagist.orghttps://packagist.orghttps://packagist.orghttps://packagist.orghttps://packagist.orghttps://packagist.orghttps://packagist.orghttps://packagist.orghttps://packagist.orghttps://packagist.orghttps://packagist.orghttps://packagist.orghttps://packagist.orghttps://packagist.orghttps://packagist.orghttps://packagist.orghttps://packagist.orghttps://packagist.orghttps://packagist.orghttps://packagist.orghttps://packagist.orghttps://packagist.orghttps://packagist.orghttps://packagist.orghttps://packagist.orghttps://packagist.orghttps://packagist.orghttps://packagist.orghttps://packagist.orghttps://packagist.orghttps://packagist.orghttps://packagist.orghttps://packagist.orghttps://packagist.orghttps://packagist.orghttps://packagist.orghttps://packagist.orghttps://packagist.orghttps://packagist.orghttps://packagist.orghttps://packagist.orghttps://packagist.orghttps://packagist.orghttps://packagist.orghttps://packagist.orghttps://packagist.orghttps://packagist.orghttps://packagist.orghttps://packagist.orghttps://packagist.orghttps://packagist.orghttps://packagist.orghttps://packagist.orghttps://packagist.orghttps://packagist.orghttps://packagist.orghttps://packagist.orghttps://packagist.orghttps://packagist.orghttps://packagist.orghttps://packagist.orghttps://packagist.orghttps://packagist.orghttps://packagist.orghttps://packagist.orghttps://packagist.orghttps://packagist.orghttps://packagist.orghttps://packagist.orghttps://packagist.orghttps://packagist.orghttps://packagist.orghttps://packagist.orghttps://packagist.orghttps://packagist.orghttps://packagist.orghttps://packagist.orghttps://packagist.orghttps://packagist.orghttps://packagist.orghttps://packagist.orghttps://packagist.orghttps://packagist.orghttps://packagist.orghttps://packagist.orghttps://packagist.orghttps://packagist.orghttps://packagist.orghttps://packagist.orghttps://packagist.orghttps://packagist.orghttps://packagist.orghttps://packagist.orghttps://packagist.orghttps://packagist.orghttps://packagist.orghttps://packagist.orghttps://packagist.orghttps://packagist.orghttps://packagist.orghttps://packagist.orghttps://packagist.orghttps://packagist.orghttps://packagist.orghttps://packagist.orghttps://packagist.orghttps://packagist.orghttps://packagist.orghttps://packagist.orghttps://packagist.orghttps://packagist.orghttps://packagist.orghttps://packagist.orghttps://packagist.orghttps://packagist.orghttps://packagist.orghttps://packagist.orghttps://packagist.orghttps://packagist.orghttps://packagist.orghttps://packagist.orghttps://packagist.orghttps://packagist.orghttps://packagist.orghttps://packagist.orghttps://packagist.orghttps://packagist.orghttps://packagist.orghttps://packagist.orghttps://packagist.orghttps://packagist.orghttps://packagist.orghttps://packagist.orghttps://packagist.orghttps://packagist.orghttps://packagist.orghttps://packagist.orghttps://packagist.orghttps://packagist.orghttps://packagist.orghttps://packagist.orghttps://packagist.orghttps://packagist.orghttps://packagist.orghttps://packagist.orghttps://packagist.orghttps://packagist.orghttps://packagist.orghttps://packagist.orghttps://packagist.orghttps://packagist.orghttps://packagist.orghttps://packagist.orghttps://packagist.orghttps://packagist.orghttps://packagist.orghttps://packagist.orghttps://packagist.orghttps://packagist.orghttps://packagist.orghttps://packagist.orghttps://packagist.orghttps://packagist.orghttps://packagist.orghttps://packagist.orghttps://packagist.orghttps://packagist.orghttps://packagist.orghttps://packagist.orghttps://packagist.orghttps://packagist.orghttps://packagist.orghttps://packagist.orghttps://packagist.orghttps://packagist.orghttps://packagist.orghttps://packagist.orghttps://packagist.orghttps://packagist.orghttps://packagist.orghttps://packagist.orghttps://packagist.orghttps://packagist.orghttps://packagist.orghttps://packagist.orghttps://packagist.orghttps://packagist.orghttps://packagist.orghttps://packagist.orghttps://packagist.orghttps://packagist.orghttps://packagist.orghttps://packagist.orghttps://packagist.orghttps://packagist.orghttps://packagist.orghttps://packagist.orghttps://packagist.orghttps://packagist.orghttps://packagist.orghttps://packagist.orghttps://packagist.orghttps://packagist.orghttps://packagist.orghttps://packagist.orghttps://packagist.orghttps://packagist.orghttps://packagist.orghttps://packagist.orghttps://packagist.orghttps://packagist.orghttps://packagist.orghttps://packagist.orghttps://packagist.orghttps://packagist.orghttps://packagist.orghttps://packagist.orghttps://packagist.orghttps://packagist.org/downloads/",
            "license": [
                "MIT"
            ],
            "authors": [
                {
                    "name": "Jarrod Nettles",
                    "email": "jarrod.nettles@icloud.com"
                },
                {
                    "name": "Ian Selby",
                    "email": "ian@gxdlabs.com"
                }
            ],
            "description": "A library for manipulating images in PHP.",
            "homepage": "https://github.com/masterexploder/PHPThumb",
            "keywords": [
                "image",
                "resize",
                "rotate"
            ],
            "time": "2015-09-08 22:55:44"
        }
    ],
    "aliases": [],
    "minimum-stability": "stable",
    "stability-flags": [],
    "prefer-stable": false,
    "prefer-lowest": false,
    "platform": [],
    "platform-dev": []
}
